
Microsoft Visual Studio Solution File, Format Version 12.00
Project("{FAE04EC0-301F-11D3-BF4B-00C04F79EFBC}") = "tgsenderd", "src\tgsenderd\tgsenderd.csproj", "{925D9CCD-07AD-45F9-B45E-5DDC9249A196}"
EndProject
Global
	GlobalSection(SolutionConfigurationPlatforms) = preSolution
		Debug|Any CPU = Debug|Any CPU
		Release|Any CPU = Release|Any CPU
	EndGlobalSection
	GlobalSection(ProjectConfigurationPlatforms) = postSolution
		{925D9CCD-07AD-45F9-B45E-5DDC9249A196}.Debug|Any CPU.ActiveCfg = Debug|Any CPU
		{925D9CCD-07AD-45F9-B45E-5DDC9249A196}.Debug|Any CPU.Build.0 = Debug|Any CPU
		{925D9CCD-07AD-45F9-B45E-5DDC9249A196}.Release|Any CPU.ActiveCfg = Release|Any CPU
		{925D9CCD-07AD-45F9-B45E-5DDC9249A196}.Release|Any CPU.Build.0 = Release|Any CPU
	EndGlobalSection
EndGlobal
